
Microsoft Visual Studio Solution File, Format Version 12.00
# Visual Studio Version 16
VisualStudioVersion = 16.0.35229.62
MinimumVisualStudioVersion = 10.0.40219.1
Project("{FAE04EC0-301F-11D3-BF4B-00C04F79EFBC}") = "Padající piškvorky", "Padající piškvorky\Padající piškvorky.csproj", "{0CEB4E1C-1F0F-4A7B-BC89-8EC763A2A9BD}"
EndProject
Global
	GlobalSection(SolutionConfigurationPlatforms) = preSolution
		Debug|Any CPU = Debug|Any CPU
		Release|Any CPU = Release|Any CPU
	EndGlobalSection
	GlobalSection(ProjectConfigurationPlatforms) = postSolution
		{0CEB4E1C-1F0F-4A7B-BC89-8EC763A2A9BD}.Debug|Any CPU.ActiveCfg = Debug|Any CPU
		{0CEB4E1C-1F0F-4A7B-BC89-8EC763A2A9BD}.Debug|Any CPU.Build.0 = Debug|Any CPU
		{0CEB4E1C-1F0F-4A7B-BC89-8EC763A2A9BD}.Release|Any CPU.ActiveCfg = Release|Any CPU
		{0CEB4E1C-1F0F-4A7B-BC89-8EC763A2A9BD}.Release|Any CPU.Build.0 = Release|Any CPU
	EndGlobalSection
	GlobalSection(SolutionProperties) = preSolution
		HideSolutionNode = FALSE
	EndGlobalSection
	GlobalSection(ExtensibilityGlobals) = postSolution
		SolutionGuid = {AA226820-9A3F-4884-BFFD-2852ECA273EA}
	EndGlobalSection
EndGlobal
