
Microsoft Visual Studio Solution File, Format Version 12.00
# Visual Studio Version 16
VisualStudioVersion = 16.0.35229.62
MinimumVisualStudioVersion = 10.0.40219.1
Project("{FAE04EC0-301F-11D3-BF4B-00C04F79EFBC}") = "Filmove recenze", "Filmove recenze\Filmove recenze.csproj", "{EA6C8C9A-5C6B-4117-ADC9-7845BD488A56}"
EndProject
Global
	GlobalSection(SolutionConfigurationPlatforms) = preSolution
		Debug|Any CPU = Debug|Any CPU
		Release|Any CPU = Release|Any CPU
	EndGlobalSection
	GlobalSection(ProjectConfigurationPlatforms) = postSolution
		{EA6C8C9A-5C6B-4117-ADC9-7845BD488A56}.Debug|Any CPU.ActiveCfg = Debug|Any CPU
		{EA6C8C9A-5C6B-4117-ADC9-7845BD488A56}.Debug|Any CPU.Build.0 = Debug|Any CPU
		{EA6C8C9A-5C6B-4117-ADC9-7845BD488A56}.Release|Any CPU.ActiveCfg = Release|Any CPU
		{EA6C8C9A-5C6B-4117-ADC9-7845BD488A56}.Release|Any CPU.Build.0 = Release|Any CPU
	EndGlobalSection
	GlobalSection(SolutionProperties) = preSolution
		HideSolutionNode = FALSE
	EndGlobalSection
	GlobalSection(ExtensibilityGlobals) = postSolution
		SolutionGuid = {ACE1DE56-888D-4F3D-9CD4-75DE100EDD87}
	EndGlobalSection
EndGlobal
