
Microsoft Visual Studio Solution File, Format Version 12.00
# Visual Studio Version 16
VisualStudioVersion = 16.0.35229.62
MinimumVisualStudioVersion = 10.0.40219.1
Project("{FAE04EC0-301F-11D3-BF4B-00C04F79EFBC}") = "Marshal-Floyd,Dijstra", "Marshal-Floyd,Dijstra\Marshal-Floyd,Dijstra.csproj", "{BEB759EC-1F6E-4B20-87F4-86A6ABEAD645}"
EndProject
Global
	GlobalSection(SolutionConfigurationPlatforms) = preSolution
		Debug|Any CPU = Debug|Any CPU
		Release|Any CPU = Release|Any CPU
	EndGlobalSection
	GlobalSection(ProjectConfigurationPlatforms) = postSolution
		{BEB759EC-1F6E-4B20-87F4-86A6ABEAD645}.Debug|Any CPU.ActiveCfg = Debug|Any CPU
		{BEB759EC-1F6E-4B20-87F4-86A6ABEAD645}.Debug|Any CPU.Build.0 = Debug|Any CPU
		{BEB759EC-1F6E-4B20-87F4-86A6ABEAD645}.Release|Any CPU.ActiveCfg = Release|Any CPU
		{BEB759EC-1F6E-4B20-87F4-86A6ABEAD645}.Release|Any CPU.Build.0 = Release|Any CPU
	EndGlobalSection
	GlobalSection(SolutionProperties) = preSolution
		HideSolutionNode = FALSE
	EndGlobalSection
	GlobalSection(ExtensibilityGlobals) = postSolution
		SolutionGuid = {46E3B4E0-AA03-4E9D-8F32-29104B802BB2}
	EndGlobalSection
EndGlobal
