
Microsoft Visual Studio Solution File, Format Version 12.00
# Visual Studio Version 16
VisualStudioVersion = 16.0.35229.62
MinimumVisualStudioVersion = 10.0.40219.1
Project("{FAE04EC0-301F-11D3-BF4B-00C04F79EFBC}") = "MinimalniSpamování", "MinimalniSpamování\MinimalniSpamování.csproj", "{18CC7F7F-2711-449D-ABC2-53AF3F42F7FF}"
EndProject
Global
	GlobalSection(SolutionConfigurationPlatforms) = preSolution
		Debug|Any CPU = Debug|Any CPU
		Release|Any CPU = Release|Any CPU
	EndGlobalSection
	GlobalSection(ProjectConfigurationPlatforms) = postSolution
		{18CC7F7F-2711-449D-ABC2-53AF3F42F7FF}.Debug|Any CPU.ActiveCfg = Debug|Any CPU
		{18CC7F7F-2711-449D-ABC2-53AF3F42F7FF}.Debug|Any CPU.Build.0 = Debug|Any CPU
		{18CC7F7F-2711-449D-ABC2-53AF3F42F7FF}.Release|Any CPU.ActiveCfg = Release|Any CPU
		{18CC7F7F-2711-449D-ABC2-53AF3F42F7FF}.Release|Any CPU.Build.0 = Release|Any CPU
	EndGlobalSection
	GlobalSection(SolutionProperties) = preSolution
		HideSolutionNode = FALSE
	EndGlobalSection
	GlobalSection(ExtensibilityGlobals) = postSolution
		SolutionGuid = {21531D75-71F5-4187-B0A5-6B41351C865D}
	EndGlobalSection
EndGlobal
