
Microsoft Visual Studio Solution File, Format Version 12.00
# Visual Studio Version 16
VisualStudioVersion = 16.0.35229.62
MinimumVisualStudioVersion = 10.0.40219.1
Project("{FAE04EC0-301F-11D3-BF4B-00C04F79EFBC}") = "Stabilni_Manželství", "Stabilni_Manželství\Stabilni_Manželství.csproj", "{DB382F59-2028-416F-A936-417EB7750C55}"
EndProject
Global
	GlobalSection(SolutionConfigurationPlatforms) = preSolution
		Debug|Any CPU = Debug|Any CPU
		Release|Any CPU = Release|Any CPU
	EndGlobalSection
	GlobalSection(ProjectConfigurationPlatforms) = postSolution
		{DB382F59-2028-416F-A936-417EB7750C55}.Debug|Any CPU.ActiveCfg = Debug|Any CPU
		{DB382F59-2028-416F-A936-417EB7750C55}.Debug|Any CPU.Build.0 = Debug|Any CPU
		{DB382F59-2028-416F-A936-417EB7750C55}.Release|Any CPU.ActiveCfg = Release|Any CPU
		{DB382F59-2028-416F-A936-417EB7750C55}.Release|Any CPU.Build.0 = Release|Any CPU
	EndGlobalSection
	GlobalSection(SolutionProperties) = preSolution
		HideSolutionNode = FALSE
	EndGlobalSection
	GlobalSection(ExtensibilityGlobals) = postSolution
		SolutionGuid = {AB5A5D48-D666-4C22-9003-7EF0DE3BE589}
	EndGlobalSection
EndGlobal
