
Microsoft Visual Studio Solution File, Format Version 12.00
# Visual Studio Version 16
VisualStudioVersion = 16.0.35229.62
MinimumVisualStudioVersion = 10.0.40219.1
Project("{FAE04EC0-301F-11D3-BF4B-00C04F79EFBC}") = "Mesta_Maturita", "Mesta_Maturita\Mesta_Maturita.csproj", "{265E6832-5990-4738-AD88-035789BAE084}"
EndProject
Global
	GlobalSection(SolutionConfigurationPlatforms) = preSolution
		Debug|Any CPU = Debug|Any CPU
		Release|Any CPU = Release|Any CPU
	EndGlobalSection
	GlobalSection(ProjectConfigurationPlatforms) = postSolution
		{265E6832-5990-4738-AD88-035789BAE084}.Debug|Any CPU.ActiveCfg = Debug|Any CPU
		{265E6832-5990-4738-AD88-035789BAE084}.Debug|Any CPU.Build.0 = Debug|Any CPU
		{265E6832-5990-4738-AD88-035789BAE084}.Release|Any CPU.ActiveCfg = Release|Any CPU
		{265E6832-5990-4738-AD88-035789BAE084}.Release|Any CPU.Build.0 = Release|Any CPU
	EndGlobalSection
	GlobalSection(SolutionProperties) = preSolution
		HideSolutionNode = FALSE
	EndGlobalSection
	GlobalSection(ExtensibilityGlobals) = postSolution
		SolutionGuid = {D6FA8646-5AF5-49E6-B96F-4DA4CA3850D6}
	EndGlobalSection
EndGlobal
